
Microsoft Visual Studio Solution File, Format Version 12.00
# Visual Studio 15
VisualStudioVersion = 15.0.26730.16
MinimumVisualStudioVersion = 10.0.40219.1
Project("{FAE04EC0-301F-11D3-BF4B-00C04F79EFBC}") = "EstoqueEntityModel", "EstoqueEntityModel\EstoqueEntityModel.csproj", "{34F69398-36D6-4EB3-925A-36985EC3318F}"
EndProject
Global
	GlobalSection(SolutionConfigurationPlatforms) = preSolution
		Debug|Any CPU = Debug|Any CPU
		Release|Any CPU = Release|Any CPU
	EndGlobalSection
	GlobalSection(ProjectConfigurationPlatforms) = postSolution
		{34F69398-36D6-4EB3-925A-36985EC3318F}.Debug|Any CPU.ActiveCfg = Debug|Any CPU
		{34F69398-36D6-4EB3-925A-36985EC3318F}.Debug|Any CPU.Build.0 = Debug|Any CPU
		{34F69398-36D6-4EB3-925A-36985EC3318F}.Release|Any CPU.ActiveCfg = Release|Any CPU
		{34F69398-36D6-4EB3-925A-36985EC3318F}.Release|Any CPU.Build.0 = Release|Any CPU
	EndGlobalSection
	GlobalSection(SolutionProperties) = preSolution
		HideSolutionNode = FALSE
	EndGlobalSection
	GlobalSection(ExtensibilityGlobals) = postSolution
		SolutionGuid = {02C0A6C2-415A-45B6-86D6-40273A045D60}
	EndGlobalSection
EndGlobal
