
Microsoft Visual Studio Solution File, Format Version 12.00
# Visual Studio 15
VisualStudioVersion = 15.0.27004.2005
MinimumVisualStudioVersion = 10.0.40219.1
Project("{FAE04EC0-301F-11D3-BF4B-00C04F79EFBC}") = "EstoqueEntityModel", "EstoqueEntityModel\EstoqueEntityModel.csproj", "{34F69398-36D6-4EB3-925A-36985EC3318F}"
EndProject
Project("{E24C65DC-7377-472B-9ABA-BC803B73C61A}") = "ServicoEstoque", "ServicoEstoque\", "{1AE629A9-DEEA-4C56-AFF0-EEE1A42F169B}"
	ProjectSection(WebsiteProperties) = preProject
		TargetFrameworkMoniker = ".NETFramework,Version%3Dv4.6.1"
		ProjectReferences = "{34f69398-36d6-4eb3-925a-36985ec3318f}|EstoqueEntityModel.dll;"
		Debug.AspNetCompiler.VirtualPath = "/localhost_50397"
		Debug.AspNetCompiler.PhysicalPath = "ServicoEstoque\"
		Debug.AspNetCompiler.TargetPath = "PrecompiledWeb\localhost_50397\"
		Debug.AspNetCompiler.Updateable = "true"
		Debug.AspNetCompiler.ForceOverwrite = "true"
		Debug.AspNetCompiler.FixedNames = "false"
		Debug.AspNetCompiler.Debug = "True"
		Release.AspNetCompiler.VirtualPath = "/localhost_50397"
		Release.AspNetCompiler.PhysicalPath = "ServicoEstoque\"
		Release.AspNetCompiler.TargetPath = "PrecompiledWeb\localhost_50397\"
		Release.AspNetCompiler.Updateable = "true"
		Release.AspNetCompiler.ForceOverwrite = "true"
		Release.AspNetCompiler.FixedNames = "false"
		Release.AspNetCompiler.Debug = "False"
		VWDPort = "50397"
		SlnRelativePath = "ServicoEstoque\"
		DefaultWebSiteLanguage = "Visual C#"
	EndProjectSection
EndProject
Project("{FAE04EC0-301F-11D3-BF4B-00C04F79EFBC}") = "ClienteServicoEstoque", "ClienteServicoEstoque\ClienteServicoEstoque.csproj", "{A95041B6-491C-443D-AB24-5A43A59E5D32}"
	ProjectSection(ProjectDependencies) = postProject
		{1AE629A9-DEEA-4C56-AFF0-EEE1A42F169B} = {1AE629A9-DEEA-4C56-AFF0-EEE1A42F169B}
	EndProjectSection
EndProject
Project("{FAE04EC0-301F-11D3-BF4B-00C04F79EFBC}") = "EstoqueLibrary", "EstoqueLibrary\EstoqueLibrary.csproj", "{A0A06FCE-D1F0-4F62-9D3C-566B8682C755}"
EndProject
Project("{FAE04EC0-301F-11D3-BF4B-00C04F79EFBC}") = "ProvedorEstoqueHost", "ProvedorEstoqueHost\ProvedorEstoqueHost.csproj", "{390E8D1C-82C5-461B-9605-45D7BEBF77FF}"
EndProject
Project("{FAE04EC0-301F-11D3-BF4B-00C04F79EFBC}") = "ClienteProvedorEstoque", "ClienteProvedorEstoque\ClienteProvedorEstoque.csproj", "{EBAEF912-D7C3-450B-823A-0A700C8C10B4}"
	ProjectSection(ProjectDependencies) = postProject
		{1AE629A9-DEEA-4C56-AFF0-EEE1A42F169B} = {1AE629A9-DEEA-4C56-AFF0-EEE1A42F169B}
	EndProjectSection
EndProject
Project("{FAE04EC0-301F-11D3-BF4B-00C04F79EFBC}") = "ClienteProvedorEstoqueV2", "ClienteProvedorEstoqueV2\ClienteProvedorEstoqueV2.csproj", "{97BF13E6-35F3-4013-90E6-C55FE07B4BC2}"
	ProjectSection(ProjectDependencies) = postProject
		{1AE629A9-DEEA-4C56-AFF0-EEE1A42F169B} = {1AE629A9-DEEA-4C56-AFF0-EEE1A42F169B}
	EndProjectSection
EndProject
Global
	GlobalSection(SolutionConfigurationPlatforms) = preSolution
		Debug|Any CPU = Debug|Any CPU
		Release|Any CPU = Release|Any CPU
	EndGlobalSection
	GlobalSection(ProjectConfigurationPlatforms) = postSolution
		{34F69398-36D6-4EB3-925A-36985EC3318F}.Debug|Any CPU.ActiveCfg = Debug|Any CPU
		{34F69398-36D6-4EB3-925A-36985EC3318F}.Debug|Any CPU.Build.0 = Debug|Any CPU
		{34F69398-36D6-4EB3-925A-36985EC3318F}.Release|Any CPU.ActiveCfg = Release|Any CPU
		{34F69398-36D6-4EB3-925A-36985EC3318F}.Release|Any CPU.Build.0 = Release|Any CPU
		{1AE629A9-DEEA-4C56-AFF0-EEE1A42F169B}.Debug|Any CPU.ActiveCfg = Debug|Any CPU
		{1AE629A9-DEEA-4C56-AFF0-EEE1A42F169B}.Debug|Any CPU.Build.0 = Debug|Any CPU
		{1AE629A9-DEEA-4C56-AFF0-EEE1A42F169B}.Release|Any CPU.ActiveCfg = Debug|Any CPU
		{1AE629A9-DEEA-4C56-AFF0-EEE1A42F169B}.Release|Any CPU.Build.0 = Debug|Any CPU
		{A95041B6-491C-443D-AB24-5A43A59E5D32}.Debug|Any CPU.ActiveCfg = Debug|Any CPU
		{A95041B6-491C-443D-AB24-5A43A59E5D32}.Debug|Any CPU.Build.0 = Debug|Any CPU
		{A95041B6-491C-443D-AB24-5A43A59E5D32}.Release|Any CPU.ActiveCfg = Release|Any CPU
		{A95041B6-491C-443D-AB24-5A43A59E5D32}.Release|Any CPU.Build.0 = Release|Any CPU
		{A0A06FCE-D1F0-4F62-9D3C-566B8682C755}.Debug|Any CPU.ActiveCfg = Debug|Any CPU
		{A0A06FCE-D1F0-4F62-9D3C-566B8682C755}.Debug|Any CPU.Build.0 = Debug|Any CPU
		{A0A06FCE-D1F0-4F62-9D3C-566B8682C755}.Release|Any CPU.ActiveCfg = Release|Any CPU
		{A0A06FCE-D1F0-4F62-9D3C-566B8682C755}.Release|Any CPU.Build.0 = Release|Any CPU
		{390E8D1C-82C5-461B-9605-45D7BEBF77FF}.Debug|Any CPU.ActiveCfg = Debug|Any CPU
		{390E8D1C-82C5-461B-9605-45D7BEBF77FF}.Debug|Any CPU.Build.0 = Debug|Any CPU
		{390E8D1C-82C5-461B-9605-45D7BEBF77FF}.Release|Any CPU.ActiveCfg = Release|Any CPU
		{390E8D1C-82C5-461B-9605-45D7BEBF77FF}.Release|Any CPU.Build.0 = Release|Any CPU
		{EBAEF912-D7C3-450B-823A-0A700C8C10B4}.Debug|Any CPU.ActiveCfg = Debug|Any CPU
		{EBAEF912-D7C3-450B-823A-0A700C8C10B4}.Debug|Any CPU.Build.0 = Debug|Any CPU
		{EBAEF912-D7C3-450B-823A-0A700C8C10B4}.Release|Any CPU.ActiveCfg = Release|Any CPU
		{EBAEF912-D7C3-450B-823A-0A700C8C10B4}.Release|Any CPU.Build.0 = Release|Any CPU
		{97BF13E6-35F3-4013-90E6-C55FE07B4BC2}.Debug|Any CPU.ActiveCfg = Debug|Any CPU
		{97BF13E6-35F3-4013-90E6-C55FE07B4BC2}.Debug|Any CPU.Build.0 = Debug|Any CPU
		{97BF13E6-35F3-4013-90E6-C55FE07B4BC2}.Release|Any CPU.ActiveCfg = Release|Any CPU
		{97BF13E6-35F3-4013-90E6-C55FE07B4BC2}.Release|Any CPU.Build.0 = Release|Any CPU
	EndGlobalSection
	GlobalSection(SolutionProperties) = preSolution
		HideSolutionNode = FALSE
	EndGlobalSection
	GlobalSection(ExtensibilityGlobals) = postSolution
		SolutionGuid = {02C0A6C2-415A-45B6-86D6-40273A045D60}
	EndGlobalSection
EndGlobal
